{
  "name": "@ninjaxtools/slopdex",
  "version": "0.19.0",
  "lockfileVersion": 3,
  "requires": true,
  "packages": {
    "": {
      "name": "@ninjaxtools/slopdex",
      "version": "0.19.0",
      "hasInstallScript": true,
      "license": "MIT",
      "bin": {
        "slopdex": "scripts/native-launcher.mjs"
      },
      "engines": {
        "node": ">=24.0.0"
      }
    }
  }
}
